
Microsoft Visual Studio Solution File, Format Version 12.00
# Visual Studio Version 16
VisualStudioVersion = 16.0.32802.440
MinimumVisualStudioVersion = 10.0.40219.1
Project("{FAE04EC0-301F-11D3-BF4B-00C04F79EFBC}") = "atvDesper", "Despertador\atvDesper.csproj", "{D00D05D7-2310-46C0-A930-3CE9C2A5696F}"
EndProject
Global
	GlobalSection(SolutionConfigurationPlatforms) = preSolution
		Debug|Any CPU = Debug|Any CPU
		Release|Any CPU = Release|Any CPU
	EndGlobalSection
	GlobalSection(ProjectConfigurationPlatforms) = postSolution
		{D00D05D7-2310-46C0-A930-3CE9C2A5696F}.Debug|Any CPU.ActiveCfg = Debug|Any CPU
		{D00D05D7-2310-46C0-A930-3CE9C2A5696F}.Debug|Any CPU.Build.0 = Debug|Any CPU
		{D00D05D7-2310-46C0-A930-3CE9C2A5696F}.Release|Any CPU.ActiveCfg = Release|Any CPU
		{D00D05D7-2310-46C0-A930-3CE9C2A5696F}.Release|Any CPU.Build.0 = Release|Any CPU
	EndGlobalSection
	GlobalSection(SolutionProperties) = preSolution
		HideSolutionNode = FALSE
	EndGlobalSection
	GlobalSection(ExtensibilityGlobals) = postSolution
		SolutionGuid = {074C78E9-2C9A-41FE-9E6A-901C02494483}
	EndGlobalSection
EndGlobal
